
Microsoft Visual Studio Solution File, Format Version 12.00
# Visual Studio Version 17
VisualStudioVersion = 17.0.32014.148
MinimumVisualStudioVersion = 10.0.40219.1
Project("{8BC9CEB8-8B4A-11D0-8D11-00A0C91BC942}") = "ConsoleApplication1", "ConsoleApplication1\ConsoleApplication1.vcxproj", "{5247CA14-C03D-4129-A659-87790EA7FD63}"
EndProject
Global
	GlobalSection(SolutionConfigurationPlatforms) = preSolution
		Debug|x64 = Debug|x64
		Debug|x86 = Debug|x86
		Release|x64 = Release|x64
		Release|x86 = Release|x86
	EndGlobalSection
	GlobalSection(ProjectConfigurationPlatforms) = postSolution
		{5247CA14-C03D-4129-A659-87790EA7FD63}.Debug|x64.ActiveCfg = Debug|x64
		{5247CA14-C03D-4129-A659-87790EA7FD63}.Debug|x64.Build.0 = Debug|x64
		{5247CA14-C03D-4129-A659-87790EA7FD63}.Debug|x86.ActiveCfg = Debug|Win32
		{5247CA14-C03D-4129-A659-87790EA7FD63}.Debug|x86.Build.0 = Debug|Win32
		{5247CA14-C03D-4129-A659-87790EA7FD63}.Release|x64.ActiveCfg = Release|x64
		{5247CA14-C03D-4129-A659-87790EA7FD63}.Release|x64.Build.0 = Release|x64
		{5247CA14-C03D-4129-A659-87790EA7FD63}.Release|x86.ActiveCfg = Release|Win32
		{5247CA14-C03D-4129-A659-87790EA7FD63}.Release|x86.Build.0 = Release|Win32
	EndGlobalSection
	GlobalSection(SolutionProperties) = preSolution
		HideSolutionNode = FALSE
	EndGlobalSection
	GlobalSection(ExtensibilityGlobals) = postSolution
		SolutionGuid = {E8D69B72-628E-4A1B-9688-EF70CACC47A6}
	EndGlobalSection
EndGlobal
